
Microsoft Visual Studio Solution File, Format Version 12.00
# Visual Studio 15
VisualStudioVersion = 15.0.26430.12
MinimumVisualStudioVersion = 10.0.40219.1
Project("{FAE04EC0-301F-11D3-BF4B-00C04F79EFBC}") = "GrpcTest.Server", "GrpcTest.Server\GrpcTest.Server.csproj", "{06B8049B-D089-4477-BDAB-68CE35C07422}"
EndProject
Project("{FAE04EC0-301F-11D3-BF4B-00C04F79EFBC}") = "GrpcTest.Client", "GrpcTest.Client\GrpcTest.Client.csproj", "{785AF215-A10F-4F66-B286-99927C6A8EF4}"
EndProject
Project("{FAE04EC0-301F-11D3-BF4B-00C04F79EFBC}") = "GrpcTest.Common", "GrpcTest.Common\GrpcTest.Common.csproj", "{19D362BF-7ADA-417F-871D-831D10BB2BDE}"
EndProject
Project("{2150E333-8FDC-42A3-9474-1A3956D46DE8}") = "Solution Items", "Solution Items", "{A7739BE2-BCB3-4DD5-B57F-980190109979}"
	ProjectSection(SolutionItems) = preProject
		readme.txt = readme.txt
	EndProjectSection
EndProject
Global
	GlobalSection(SolutionConfigurationPlatforms) = preSolution
		Debug|Any CPU = Debug|Any CPU
		Release|Any CPU = Release|Any CPU
	EndGlobalSection
	GlobalSection(ProjectConfigurationPlatforms) = postSolution
		{06B8049B-D089-4477-BDAB-68CE35C07422}.Debug|Any CPU.ActiveCfg = Debug|Any CPU
		{06B8049B-D089-4477-BDAB-68CE35C07422}.Debug|Any CPU.Build.0 = Debug|Any CPU
		{06B8049B-D089-4477-BDAB-68CE35C07422}.Release|Any CPU.ActiveCfg = Release|Any CPU
		{06B8049B-D089-4477-BDAB-68CE35C07422}.Release|Any CPU.Build.0 = Release|Any CPU
		{785AF215-A10F-4F66-B286-99927C6A8EF4}.Debug|Any CPU.ActiveCfg = Debug|Any CPU
		{785AF215-A10F-4F66-B286-99927C6A8EF4}.Debug|Any CPU.Build.0 = Debug|Any CPU
		{785AF215-A10F-4F66-B286-99927C6A8EF4}.Release|Any CPU.ActiveCfg = Release|Any CPU
		{785AF215-A10F-4F66-B286-99927C6A8EF4}.Release|Any CPU.Build.0 = Release|Any CPU
		{19D362BF-7ADA-417F-871D-831D10BB2BDE}.Debug|Any CPU.ActiveCfg = Debug|Any CPU
		{19D362BF-7ADA-417F-871D-831D10BB2BDE}.Debug|Any CPU.Build.0 = Debug|Any CPU
		{19D362BF-7ADA-417F-871D-831D10BB2BDE}.Release|Any CPU.ActiveCfg = Release|Any CPU
		{19D362BF-7ADA-417F-871D-831D10BB2BDE}.Release|Any CPU.Build.0 = Release|Any CPU
	EndGlobalSection
	GlobalSection(SolutionProperties) = preSolution
		HideSolutionNode = FALSE
	EndGlobalSection
EndGlobal
